// !$*UTF8*$!
{
	archiveVersion = 1;
	classes = {
	};
	objectVersion = 48;
	objects = {

/* Begin PBXBuildFile section */
		2E82D162205AB53E0021E122 /* AppDelegate.swift in Sources */ = {isa = PBXBuildFile; fileRef = 2E82D161205AB53E0021E122 /* AppDelegate.swift */; };
		2E82D164205AB53E0021E122 /* ViewController.swift in Sources */ = {isa = PBXBuildFile; fileRef = 2E82D163205AB53E0021E122 /* ViewController.swift */; };
		2E82D167205AB53E0021E122 /* Main.storyboard in Resources */ = {isa = PBXBuildFile; fileRef = 2E82D165205AB53E0021E122 /* Main.storyboard */; };
		2E82D16A205AB53E0021E122 /* Swift3_0_to_100.xcdatamodeld in Sources */ = {isa = PBXBuildFile; fileRef = 2E82D168205AB53E0021E122 /* Swift3_0_to_100.xcdatamodeld */; };
		2E82D16C205AB53E0021E122 /* Assets.xcassets in Resources */ = {isa = PBXBuildFile; fileRef = 2E82D16B205AB53E0021E122 /* Assets.xcassets */; };
		2E82D16F205AB53E0021E122 /* LaunchScreen.storyboard in Resources */ = {isa = PBXBuildFile; fileRef = 2E82D16D205AB53E0021E122 /* LaunchScreen.storyboard */; };
		2E82D17A205AB53E0021E122 /* Swift3_0_to_100Tests.swift in Sources */ = {isa = PBXBuildFile; fileRef = 2E82D179205AB53E0021E122 /* Swift3_0_to_100Tests.swift */; };
		2E82D185205AB53E0021E122 /* Swift3_0_to_100UITests.swift in Sources */ = {isa = PBXBuildFile; fileRef = 2E82D184205AB53E0021E122 /* Swift3_0_to_100UITests.swift */; };
		2ECFCCBB205B137C007AC9C1 /* SecondVC.swift in Sources */ = {isa = PBXBuildFile; fileRef = 2ECFCCBA205B137C007AC9C1 /* SecondVC.swift */; };
/* End PBXBuildFile section */

/* Begin PBXContainerItemProxy section */
		2E82D176205AB53E0021E122 /* PBXContainerItemProxy */ = {
			isa = PBXContainerItemProxy;
			containerPortal = 2E82D156205AB53E0021E122 /* Project object */;
			proxyType = 1;
			remoteGlobalIDString = 2E82D15D205AB53E0021E122;
			remoteInfo = "Swift3-0-to-100";
		};
		2E82D181205AB53E0021E122 /* PBXContainerItemProxy */ = {
			isa = PBXContainerItemProxy;
			containerPortal = 2E82D156205AB53E0021E122 /* Project object */;
			proxyType = 1;
			remoteGlobalIDString = 2E82D15D205AB53E0021E122;
			remoteInfo = "Swift3-0-to-100";
		};
/* End PBXContainerItemProxy section */

/* Begin PBXFileReference section */
		2E82D15E205AB53E0021E122 /* Swift3-0-to-100.app */ = {isa = PBXFileReference; explicitFileType = wrapper.application; includeInIndex = 0; path = "Swift3-0-to-100.app"; sourceTree = BUILT_PRODUCTS_DIR; };
		2E82D161205AB53E0021E122 /* AppDelegate.swift */ = {isa = PBXFileReference; lastKnownFileType = sourcecode.swift; path = AppDelegate.swift; sourceTree = "<group>"; };
		2E82D163205AB53E0021E122 /* ViewController.swift */ = {isa = PBXFileReference; lastKnownFileType = sourcecode.swift; path = ViewController.swift; sourceTree = "<group>"; };
		2E82D166205AB53E0021E122 /* Base */ = {isa = PBXFileReference; lastKnownFileType = file.storyboard; name = Base; path = Base.lproj/Main.storyboard; sourceTree = "<group>"; };
		2E82D169205AB53E0021E122 /* Swift3_0_to_100.xcdatamodel */ = {isa = PBXFileReference; lastKnownFileType = wrapper.xcdatamodel; path = Swift3_0_to_100.xcdatamodel; sourceTree = "<group>"; };
		2E82D16B205AB53E0021E122 /* Assets.xcassets */ = {isa = PBXFileReference; lastKnownFileType = folder.assetcatalog; path = Assets.xcassets; sourceTree = "<group>"; };
		2E82D16E205AB53E0021E122 /* Base */ = {isa = PBXFileReference; lastKnownFileType = file.storyboard; name = Base; path = Base.lproj/LaunchScreen.storyboard; sourceTree = "<group>"; };
		2E82D170205AB53E0021E122 /* Info.plist */ = {isa = PBXFileReference; lastKnownFileType = text.plist.xml; path = Info.plist; sourceTree = "<group>"; };
		2E82D175205AB53E0021E122 /* Swift3-0-to-100Tests.xctest */ = {isa = PBXFileReference; explicitFileType = wrapper.cfbundle; includeInIndex = 0; path = "Swift3-0-to-100Tests.xctest"; sourceTree = BUILT_PRODUCTS_DIR; };
		2E82D179205AB53E0021E122 /* Swift3_0_to_100Tests.swift */ = {isa = PBXFileReference; lastKnownFileType = sourcecode.swift; path = Swift3_0_to_100Tests.swift; sourceTree = "<group>"; };
		2E82D17B205AB53E0021E122 /* Info.plist */ = {isa = PBXFileReference; lastKnownFileType = text.plist.xml; path = Info.plist; sourceTree = "<group>"; };
		2E82D180205AB53E0021E122 /* Swift3-0-to-100UITests.xctest */ = {isa = PBXFileReference; explicitFileType = wrapper.cfbundle; includeInIndex = 0; path = "Swift3-0-to-100UITests.xctest"; sourceTree = BUILT_PRODUCTS_DIR; };
		2E82D184205AB53E0021E122 /* Swift3_0_to_100UITests.swift */ = {isa = PBXFileReference; lastKnownFileType = sourcecode.swift; path = Swift3_0_to_100UITests.swift; sourceTree = "<group>"; };
		2E82D186205AB53E0021E122 /* Info.plist */ = {isa = PBXFileReference; lastKnownFileType = text.plist.xml; path = Info.plist; sourceTree = "<group>"; };
		2ECFCCBA205B137C007AC9C1 /* SecondVC.swift */ = {isa = PBXFileReference; lastKnownFileType = sourcecode.swift; path = SecondVC.swift; sourceTree = "<group>"; };
/* End PBXFileReference section */

/* Begin PBXFrameworksBuildPhase section */
		2E82D15B205AB53E0021E122 /* Frameworks */ = {
			isa = PBXFrameworksBuildPhase;
			buildActionMask = 2147483647;
			files = (
			);
			runOnlyForDeploymentPostprocessing = 0;
		};
		2E82D172205AB53E0021E122 /* Frameworks */ = {
			isa = PBXFrameworksBuildPhase;
			buildActionMask = 2147483647;
			files = (
			);
			runOnlyForDeploymentPostprocessing = 0;
		};
		2E82D17D205AB53E0021E122 /* Frameworks */ = {
			isa = PBXFrameworksBuildPhase;
			buildActionMask = 2147483647;
			files = (
			);
			runOnlyForDeploymentPostprocessing = 0;
		};
/* End PBXFrameworksBuildPhase section */

/* Begin PBXGroup section */
		2E82D155205AB53E0021E122 = {
			isa = PBXGroup;
			children = (
				2E82D160205AB53E0021E122 /* Swift3-0-to-100 */,
				2E82D178205AB53E0021E122 /* Swift3-0-to-100Tests */,
				2E82D183205AB53E0021E122 /* Swift3-0-to-100UITests */,
				2E82D15F205AB53E0021E122 /* Products */,
			);
			sourceTree = "<group>";
		};
		2E82D15F205AB53E0021E122 /* Products */ = {
			isa = PBXGroup;
			children = (
				2E82D15E205AB53E0021E122 /* Swift3-0-to-100.app */,
				2E82D175205AB53E0021E122 /* Swift3-0-to-100Tests.xctest */,
				2E82D180205AB53E0021E122 /* Swift3-0-to-100UITests.xctest */,
			);
			name = Products;
			sourceTree = "<group>";
		};
		2E82D160205AB53E0021E122 /* Swift3-0-to-100 */ = {
			isa = PBXGroup;
			children = (
				2E82D161205AB53E0021E122 /* AppDelegate.swift */,
				2E82D163205AB53E0021E122 /* ViewController.swift */,
				2ECFCCBA205B137C007AC9C1 /* SecondVC.swift */,
				2E82D165205AB53E0021E122 /* Main.storyboard */,
				2E82D16B205AB53E0021E122 /* Assets.xcassets */,
				2E82D16D205AB53E0021E122 /* LaunchScreen.storyboard */,
				2E82D170205AB53E0021E122 /* Info.plist */,
				2E82D168205AB53E0021E122 /* Swift3_0_to_100.xcdatamodeld */,
			);
			path = "Swift3-0-to-100";
			sourceTree = "<group>";
		};
		2E82D178205AB53E0021E122 /* Swift3-0-to-100Tests */ = {
			isa = PBXGroup;
			children = (
				2E82D179205AB53E0021E122 /* Swift3_0_to_100Tests.swift */,
				2E82D17B205AB53E0021E122 /* Info.plist */,
			);
			path = "Swift3-0-to-100Tests";
			sourceTree = "<group>";
		};
		2E82D183205AB53E0021E122 /* Swift3-0-to-100UITests */ = {
			isa = PBXGroup;
			children = (
				2E82D184205AB53E0021E122 /* Swift3_0_to_100UITests.swift */,
				2E82D186205AB53E0021E122 /* Info.plist */,
			);
			path = "Swift3-0-to-100UITests";
			sourceTree = "<group>";
		};
/* End PBXGroup section */

/* Begin PBXNativeTarget section */
		2E82D15D205AB53E0021E122 /* Swift3-0-to-100 */ = {
			isa = PBXNativeTarget;
			buildConfigurationList = 2E82D189205AB53E0021E122 /* Build configuration list for PBXNativeTarget "Swift3-0-to-100" */;
			buildPhases = (
				2E82D15A205AB53E0021E122 /* Sources */,
				2E82D15B205AB53E0021E122 /* Frameworks */,
				2E82D15C205AB53E0021E122 /* Resources */,
			);
			buildRules = (
			);
			dependencies = (
			);
			name = "Swift3-0-to-100";
			productName = "Swift3-0-to-100";
			productReference = 2E82D15E205AB53E0021E122 /* Swift3-0-to-100.app */;
			productType = "com.apple.product-type.application";
		};
		2E82D174205AB53E0021E122 /* Swift3-0-to-100Tests */ = {
			isa = PBXNativeTarget;
			buildConfigurationList = 2E82D18C205AB53E0021E122 /* Build configuration list for PBXNativeTarget "Swift3-0-to-100Tests" */;
			buildPhases = (
				2E82D171205AB53E0021E122 /* Sources */,
				2E82D172205AB53E0021E122 /* Frameworks */,
				2E82D173205AB53E0021E122 /* Resources */,
			);
			buildRules = (
			);
			dependencies = (
				2E82D177205AB53E0021E122 /* PBXTargetDependency */,
			);
			name = "Swift3-0-to-100Tests";
			productName = "Swift3-0-to-100Tests";
			productReference = 2E82D175205AB53E0021E122 /* Swift3-0-to-100Tests.xctest */;
			productType = "com.apple.product-type.bundle.unit-test";
		};
		2E82D17F205AB53E0021E122 /* Swift3-0-to-100UITests */ = {
			isa = PBXNativeTarget;
			buildConfigurationList = 2E82D18F205AB53E0021E122 /* Build configuration list for PBXNativeTarget "Swift3-0-to-100UITests" */;
			buildPhases = (
				2E82D17C205AB53E0021E122 /* Sources */,
				2E82D17D205AB53E0021E122 /* Frameworks */,
				2E82D17E205AB53E0021E122 /* Resources */,
			);
			buildRules = (
			);
			dependencies = (
				2E82D182205AB53E0021E122 /* PBXTargetDependency */,
			);
			name = "Swift3-0-to-100UITests";
			productName = "Swift3-0-to-100UITests";
			productReference = 2E82D180205AB53E0021E122 /* Swift3-0-to-100UITests.xctest */;
			productType = "com.apple.product-type.bundle.ui-testing";
		};
/* End PBXNativeTarget section */

/* Begin PBXProject section */
		2E82D156205AB53E0021E122 /* Project object */ = {
			isa = PBXProject;
			attributes = {
				LastSwiftUpdateCheck = 0920;
				LastUpgradeCheck = 0920;
				ORGANIZATIONNAME = Zimma;
				TargetAttributes = {
					2E82D15D205AB53E0021E122 = {
						CreatedOnToolsVersion = 9.2;
						ProvisioningStyle = Automatic;
					};
					2E82D174205AB53E0021E122 = {
						CreatedOnToolsVersion = 9.2;
						ProvisioningStyle = Automatic;
						TestTargetID = 2E82D15D205AB53E0021E122;
					};
					2E82D17F205AB53E0021E122 = {
						CreatedOnToolsVersion = 9.2;
						ProvisioningStyle = Automatic;
						TestTargetID = 2E82D15D205AB53E0021E122;
					};
				};
			};
			buildConfigurationList = 2E82D159205AB53E0021E122 /* Build configuration list for PBXProject "Swift3-0-to-100" */;
			compatibilityVersion = "Xcode 8.0";
			developmentRegion = en;
			hasScannedForEncodings = 0;
			knownRegions = (
				en,
				Base,
			);
			mainGroup = 2E82D155205AB53E0021E122;
			productRefGroup = 2E82D15F205AB53E0021E122 /* Products */;
			projectDirPath = "";
			projectRoot = "";
			targets = (
				2E82D15D205AB53E0021E122 /* Swift3-0-to-100 */,
				2E82D174205AB53E0021E122 /* Swift3-0-to-100Tests */,
				2E82D17F205AB53E0021E122 /* Swift3-0-to-100UITests */,
			);
		};
/* End PBXProject section */

/* Begin PBXResourcesBuildPhase section */
		2E82D15C205AB53E0021E122 /* Resources */ = {
			isa = PBXResourcesBuildPhase;
			buildActionMask = 2147483647;
			files = (
				2E82D16F205AB53E0021E122 /* LaunchScreen.storyboard in Resources */,
				2E82D16C205AB53E0021E122 /* Assets.xcassets in Resources */,
				2E82D167205AB53E0021E122 /* Main.storyboard in Resources */,
			);
			runOnlyForDeploymentPostprocessing = 0;
		};
		2E82D173205AB53E0021E122 /* Resources */ = {
			isa = PBXResourcesBuildPhase;
			buildActionMask = 2147483647;
			files = (
			);
			runOnlyForDeploymentPostprocessing = 0;
		};
		2E82D17E205AB53E0021E122 /* Resources */ = {
			isa = PBXResourcesBuildPhase;
			buildActionMask = 2147483647;
			files = (
			);
			runOnlyForDeploymentPostprocessing = 0;
		};
/* End PBXResourcesBuildPhase section */

/* Begin PBXSourcesBuildPhase section */
		2E82D15A205AB53E0021E122 /* Sources */ = {
			isa = PBXSourcesBuildPhase;
			buildActionMask = 2147483647;
			files = (
				2E82D164205AB53E0021E122 /* ViewController.swift in Sources */,
				2E82D162205AB53E0021E122 /* AppDelegate.swift in Sources */,
				2ECFCCBB205B137C007AC9C1 /* SecondVC.swift in Sources */,
				2E82D16A205AB53E0021E122 /* Swift3_0_to_100.xcdatamodeld in Sources */,
			);
			runOnlyForDeploymentPostprocessing = 0;
		};
		2E82D171205AB53E0021E122 /* Sources */ = {
			isa = PBXSourcesBuildPhase;
			buildActionMask = 2147483647;
			files = (
				2E82D17A205AB53E0021E122 /* Swift3_0_to_100Tests.swift in Sources */,
			);
			runOnlyForDeploymentPostprocessing = 0;
		};
		2E82D17C205AB53E0021E122 /* Sources */ = {
			isa = PBXSourcesBuildPhase;
			buildActionMask = 2147483647;
			files = (
				2E82D185205AB53E0021E122 /* Swift3_0_to_100UITests.swift in Sources */,
			);
			runOnlyForDeploymentPostprocessing = 0;
		};
/* End PBXSourcesBuildPhase section */

/* Begin PBXTargetDependency section */
		2E82D177205AB53E0021E122 /* PBXTargetDependency */ = {
			isa = PBXTargetDependency;
			target = 2E82D15D205AB53E0021E122 /* Swift3-0-to-100 */;
			targetProxy = 2E82D176205AB53E0021E122 /* PBXContainerItemProxy */;
		};
		2E82D182205AB53E0021E122 /* PBXTargetDependency */ = {
			isa = PBXTargetDependency;
			target = 2E82D15D205AB53E0021E122 /* Swift3-0-to-100 */;
			targetProxy = 2E82D181205AB53E0021E122 /* PBXContainerItemProxy */;
		};
/* End PBXTargetDependency section */

/* Begin PBXVariantGroup section */
		2E82D165205AB53E0021E122 /* Main.storyboard */ = {
			isa = PBXVariantGroup;
			children = (
				2E82D166205AB53E0021E122 /* Base */,
			);
			name = Main.storyboard;
			sourceTree = "<group>";
		};
		2E82D16D205AB53E0021E122 /* LaunchScreen.storyboard */ = {
			isa = PBXVariantGroup;
			children = (
				2E82D16E205AB53E0021E122 /* Base */,
			);
			name = LaunchScreen.storyboard;
			sourceTree = "<group>";
		};
/* End PBXVariantGroup section */

/* Begin XCBuildConfiguration section */
		2E82D187205AB53E0021E122 /* Debug */ = {
			isa = XCBuildConfiguration;
			buildSettings = {
				ALWAYS_SEARCH_USER_PATHS = NO;
				CLANG_ANALYZER_NONNULL = YES;
				CLANG_ANALYZER_NUMBER_OBJECT_CONVERSION = YES_AGGRESSIVE;
				CLANG_CXX_LANGUAGE_STANDARD = "gnu++14";
				CLANG_CXX_LIBRARY = "libc++";
				CLANG_ENABLE_MODULES = YES;
				CLANG_ENABLE_OBJC_ARC = YES;
				CLANG_WARN_BLOCK_CAPTURE_AUTORELEASING = YES;
				CLANG_WARN_BOOL_CONVERSION = YES;
				CLANG_WARN_COMMA = YES;
				CLANG_WARN_CONSTANT_CONVERSION = YES;
				CLANG_WARN_DIRECT_OBJC_ISA_USAGE = YES_ERROR;
				CLANG_WARN_DOCUMENTATION_COMMENTS = YES;
				CLANG_WARN_EMPTY_BODY = YES;
				CLANG_WARN_ENUM_CONVERSION = YES;
				CLANG_WARN_INFINITE_RECURSION = YES;
				CLANG_WARN_INT_CONVERSION = YES;
				CLANG_WARN_NON_LITERAL_NULL_CONVERSION = YES;
				CLANG_WARN_OBJC_LITERAL_CONVERSION = YES;
				CLANG_WARN_OBJC_ROOT_CLASS = YES_ERROR;
				CLANG_WARN_RANGE_LOOP_ANALYSIS = YES;
				CLANG_WARN_STRICT_PROTOTYPES = YES;
				CLANG_WARN_SUSPICIOUS_MOVE = YES;
				CLANG_WARN_UNGUARDED_AVAILABILITY = YES_AGGRESSIVE;
				CLANG_WARN_UNREACHABLE_CODE = YES;
				CLANG_WARN__DUPLICATE_METHOD_MATCH = YES;
				CODE_SIGN_IDENTITY = "iPhone Developer";
				COPY_PHASE_STRIP = NO;
				DEBUG_INFORMATION_FORMAT = dwarf;
				ENABLE_STRICT_OBJC_MSGSEND = YES;
				ENABLE_TESTABILITY = YES;
				GCC_C_LANGUAGE_STANDARD = gnu11;
				GCC_DYNAMIC_NO_PIC = NO;
				GCC_NO_COMMON_BLOCKS = YES;
				GCC_OPTIMIZATION_LEVEL = 0;
				GCC_PREPROCESSOR_DEFINITIONS = (
					"DEBUG=1",
					"$(inherited)",
				);
				GCC_WARN_64_TO_32_BIT_CONVERSION = YES;
				GCC_WARN_ABOUT_RETURN_TYPE = YES_ERROR;
				GCC_WARN_UNDECLARED_SELECTOR = YES;
				GCC_WARN_UNINITIALIZED_AUTOS = YES_AGGRESSIVE;
				GCC_WARN_UNUSED_FUNCTION = YES;
				GCC_WARN_UNUSED_VARIABLE = YES;
				IPHONEOS_DEPLOYMENT_TARGET = 11.2;
				MTL_ENABLE_DEBUG_INFO = YES;
				ONLY_ACTIVE_ARCH = YES;
				SDKROOT = iphoneos;
				SWIFT_ACTIVE_COMPILATION_CONDITIONS = DEBUG;
				SWIFT_OPTIMIZATION_LEVEL = "-Onone";
			};
			name = Debug;
		};
		2E82D188205AB53E0021E122 /* Release */ = {
			isa = XCBuildConfiguration;
			buildSettings = {
				ALWAYS_SEARCH_USER_PATHS = NO;
				CLANG_ANALYZER_NONNULL = YES;
				CLANG_ANALYZER_NUMBER_OBJECT_CONVERSION = YES_AGGRESSIVE;
				CLANG_CXX_LANGUAGE_STANDARD = "gnu++14";
				CLANG_CXX_LIBRARY = "libc++";
				CLANG_ENABLE_MODULES = YES;
				CLANG_ENABLE_OBJC_ARC = YES;
				CLANG_WARN_BLOCK_CAPTURE_AUTORELEASING = YES;
				CLANG_WARN_BOOL_CONVERSION = YES;
				CLANG_WARN_COMMA = YES;
				CLANG_WARN_CONSTANT_CONVERSION = YES;
				CLANG_WARN_DIRECT_OBJC_ISA_USAGE = YES_ERROR;
				CLANG_WARN_DOCUMENTATION_COMMENTS = YES;
				CLANG_WARN_EMPTY_BODY = YES;
				CLANG_WARN_ENUM_CONVERSION = YES;
				CLANG_WARN_INFINITE_RECURSION = YES;
				CLANG_WARN_INT_CONVERSION = YES;
				CLANG_WARN_NON_LITERAL_NULL_CONVERSION = YES;
				CLANG_WARN_OBJC_LITERAL_CONVERSION = YES;
				CLANG_WARN_OBJC_ROOT_CLASS = YES_ERROR;
				CLANG_WARN_RANGE_LOOP_ANALYSIS = YES;
				CLANG_WARN_STRICT_PROTOTYPES = YES;
				CLANG_WARN_SUSPICIOUS_MOVE = YES;
				CLANG_WARN_UNGUARDED_AVAILABILITY = YES_AGGRESSIVE;
				CLANG_WARN_UNREACHABLE_CODE = YES;
				CLANG_WARN__DUPLICATE_METHOD_MATCH = YES;
				CODE_SIGN_IDENTITY = "iPhone Developer";
				COPY_PHASE_STRIP = NO;
				DEBUG_INFORMATION_FORMAT = "dwarf-with-dsym";
				ENABLE_NS_ASSERTIONS = NO;
				ENABLE_STRICT_OBJC_MSGSEND = YES;
				GCC_C_LANGUAGE_STANDARD = gnu11;
				GCC_NO_COMMON_BLOCKS = YES;
				GCC_WARN_64_TO_32_BIT_CONVERSION = YES;
				GCC_WARN_ABOUT_RETURN_TYPE = YES_ERROR;
				GCC_WARN_UNDECLARED_SELECTOR = YES;
				GCC_WARN_UNINITIALIZED_AUTOS = YES_AGGRESSIVE;
				GCC_WARN_UNUSED_FUNCTION = YES;
				GCC_WARN_UNUSED_VARIABLE = YES;
				IPHONEOS_DEPLOYMENT_TARGET = 11.2;
				MTL_ENABLE_DEBUG_INFO = NO;
				SDKROOT = iphoneos;
				SWIFT_OPTIMIZATION_LEVEL = "-Owholemodule";
				VALIDATE_PRODUCT = YES;
			};
			name = Release;
		};
		2E82D18A205AB53E0021E122 /* Debug */ = {
			isa = XCBuildConfiguration;
			buildSettings = {
				ASSETCATALOG_COMPILER_APPICON_NAME = AppIcon;
				CODE_SIGN_STYLE = Automatic;
				DEVELOPMENT_TEAM = R5A8T32G26;
				INFOPLIST_FILE = "Swift3-0-to-100/Info.plist";
				LD_RUNPATH_SEARCH_PATHS = "$(inherited) @executable_path/Frameworks";
				PRODUCT_BUNDLE_IDENTIFIER = "com.zimma.lesson4-DZ";
				PRODUCT_NAME = "$(TARGET_NAME)";
				SWIFT_VERSION = 4.0;
				TARGETED_DEVICE_FAMILY = "1,2";
			};
			name = Debug;
		};
		2E82D18B205AB53E0021E122 /* Release */ = {
			isa = XCBuildConfiguration;
			buildSettings = {
				ASSETCATALOG_COMPILER_APPICON_NAME = AppIcon;
				CODE_SIGN_STYLE = Automatic;
				DEVELOPMENT_TEAM = R5A8T32G26;
				INFOPLIST_FILE = "Swift3-0-to-100/Info.plist";
				LD_RUNPATH_SEARCH_PATHS = "$(inherited) @executable_path/Frameworks";
				PRODUCT_BUNDLE_IDENTIFIER = "com.zimma.lesson4-DZ";
				PRODUCT_NAME = "$(TARGET_NAME)";
				SWIFT_VERSION = 4.0;
				TARGETED_DEVICE_FAMILY = "1,2";
			};
			name = Release;
		};
		2E82D18D205AB53E0021E122 /* Debug */ = {
			isa = XCBuildConfiguration;
			buildSettings = {
				ALWAYS_EMBED_SWIFT_STANDARD_LIBRARIES = YES;
				BUNDLE_LOADER = "$(TEST_HOST)";
				CODE_SIGN_STYLE = Automatic;
				DEVELOPMENT_TEAM = R5A8T32G26;
				INFOPLIST_FILE = "Swift3-0-to-100Tests/Info.plist";
				LD_RUNPATH_SEARCH_PATHS = "$(inherited) @executable_path/Frameworks @loader_path/Frameworks";
				PRODUCT_BUNDLE_IDENTIFIER = "com.zimma.Swift3-0-to-100Tests";
				PRODUCT_NAME = "$(TARGET_NAME)";
				SWIFT_VERSION = 4.0;
				TARGETED_DEVICE_FAMILY = "1,2";
				TEST_HOST = "$(BUILT_PRODUCTS_DIR)/Swift3-0-to-100.app/Swift3-0-to-100";
			};
			name = Debug;
		};
		2E82D18E205AB53E0021E122 /* Release */ = {
			isa = XCBuildConfiguration;
			buildSettings = {
				ALWAYS_EMBED_SWIFT_STANDARD_LIBRARIES = YES;
				BUNDLE_LOADER = "$(TEST_HOST)";
				CODE_SIGN_STYLE = Automatic;
				DEVELOPMENT_TEAM = R5A8T32G26;
				INFOPLIST_FILE = "Swift3-0-to-100Tests/Info.plist";
				LD_RUNPATH_SEARCH_PATHS = "$(inherited) @executable_path/Frameworks @loader_path/Frameworks";
				PRODUCT_BUNDLE_IDENTIFIER = "com.zimma.Swift3-0-to-100Tests";
				PRODUCT_NAME = "$(TARGET_NAME)";
				SWIFT_VERSION = 4.0;
				TARGETED_DEVICE_FAMILY = "1,2";
				TEST_HOST = "$(BUILT_PRODUCTS_DIR)/Swift3-0-to-100.app/Swift3-0-to-100";
			};
			name = Release;
		};
		2E82D190205AB53E0021E122 /* Debug */ = {
			isa = XCBuildConfiguration;
			buildSettings = {
				ALWAYS_EMBED_SWIFT_STANDARD_LIBRARIES = YES;
				CODE_SIGN_STYLE = Automatic;
				DEVELOPMENT_TEAM = R5A8T32G26;
				INFOPLIST_FILE = "Swift3-0-to-100UITests/Info.plist";
				LD_RUNPATH_SEARCH_PATHS = "$(inherited) @executable_path/Frameworks @loader_path/Frameworks";
				PRODUCT_BUNDLE_IDENTIFIER = "com.zimma.Swift3-0-to-100UITests";
				PRODUCT_NAME = "$(TARGET_NAME)";
				SWIFT_VERSION = 4.0;
				TARGETED_DEVICE_FAMILY = "1,2";
				TEST_TARGET_NAME = "Swift3-0-to-100";
			};
			name = Debug;
		};
		2E82D191205AB53E0021E122 /* Release */ = {
			isa = XCBuildConfiguration;
			buildSettings = {
				ALWAYS_EMBED_SWIFT_STANDARD_LIBRARIES = YES;
				CODE_SIGN_STYLE = Automatic;
				DEVELOPMENT_TEAM = R5A8T32G26;
				INFOPLIST_FILE = "Swift3-0-to-100UITests/Info.plist";
				LD_RUNPATH_SEARCH_PATHS = "$(inherited) @executable_path/Frameworks @loader_path/Frameworks";
				PRODUCT_BUNDLE_IDENTIFIER = "com.zimma.Swift3-0-to-100UITests";
				PRODUCT_NAME = "$(TARGET_NAME)";
				SWIFT_VERSION = 4.0;
				TARGETED_DEVICE_FAMILY = "1,2";
				TEST_TARGET_NAME = "Swift3-0-to-100";
			};
			name = Release;
		};
/* End XCBuildConfiguration section */

/* Begin XCConfigurationList section */
		2E82D159205AB53E0021E122 /* Build configuration list for PBXProject "Swift3-0-to-100" */ = {
			isa = XCConfigurationList;
			buildConfigurations = (
				2E82D187205AB53E0021E122 /* Debug */,
				2E82D188205AB53E0021E122 /* Release */,
			);
			defaultConfigurationIsVisible = 0;
			defaultConfigurationName = Release;
		};
		2E82D189205AB53E0021E122 /* Build configuration list for PBXNativeTarget "Swift3-0-to-100" */ = {
			isa = XCConfigurationList;
			buildConfigurations = (
				2E82D18A205AB53E0021E122 /* Debug */,
				2E82D18B205AB53E0021E122 /* Release */,
			);
			defaultConfigurationIsVisible = 0;
			defaultConfigurationName = Release;
		};
		2E82D18C205AB53E0021E122 /* Build configuration list for PBXNativeTarget "Swift3-0-to-100Tests" */ = {
			isa = XCConfigurationList;
			buildConfigurations = (
				2E82D18D205AB53E0021E122 /* Debug */,
				2E82D18E205AB53E0021E122 /* Release */,
			);
			defaultConfigurationIsVisible = 0;
			defaultConfigurationName = Release;
		};
		2E82D18F205AB53E0021E122 /* Build configuration list for PBXNativeTarget "Swift3-0-to-100UITests" */ = {
			isa = XCConfigurationList;
			buildConfigurations = (
				2E82D190205AB53E0021E122 /* Debug */,
				2E82D191205AB53E0021E122 /* Release */,
			);
			defaultConfigurationIsVisible = 0;
			defaultConfigurationName = Release;
		};
/* End XCConfigurationList section */

/* Begin XCVersionGroup section */
		2E82D168205AB53E0021E122 /* Swift3_0_to_100.xcdatamodeld */ = {
			isa = XCVersionGroup;
			children = (
				2E82D169205AB53E0021E122 /* Swift3_0_to_100.xcdatamodel */,
			);
			currentVersion = 2E82D169205AB53E0021E122 /* Swift3_0_to_100.xcdatamodel */;
			path = Swift3_0_to_100.xcdatamodeld;
			sourceTree = "<group>";
			versionGroupType = wrapper.xcdatamodel;
		};
/* End XCVersionGroup section */
	};
	rootObject = 2E82D156205AB53E0021E122 /* Project object */;
}
